{
  "ch.qos.logback:logback-classic:1.5.6": {
    "logback-classic-1.5.6.jar": {
      "url": "https://repo.maven.apache.org/maven2/ch/qos/logback/logback-classic/1.5.6/logback-classic-1.5.6.jar",
      "hash": "sha256-YRXGysXtHZ24ENFPL39N1qnyHwrLuoAW5NqsoroPXrg="
    },
    "logback-classic-1.5.6.pom": {
      "url": "https://repo.maven.apache.org/maven2/ch/qos/logback/logback-classic/1.5.6/logback-classic-1.5.6.pom",
      "hash": "sha256-SysA32EjwOKmHnG1vis/AHOWeLtLBplA1cScJN9T9Zo="
    }
  },
  "ch.qos.logback:logback-core:1.5.6": {
    "logback-core-1.5.6.jar": {
      "url": "https://repo.maven.apache.org/maven2/ch/qos/logback/logback-core/1.5.6/logback-core-1.5.6.jar",
      "hash": "sha256-iYx9EgGZ834azIEY2XqxWk0CsOcuJ7qfBYQ8s3ThYMY="
    },
    "logback-core-1.5.6.pom": {
      "url": "https://repo.maven.apache.org/maven2/ch/qos/logback/logback-core/1.5.6/logback-core-1.5.6.pom",
      "hash": "sha256-BpPQaN02h3R1rYCQbjHHvA1RlbgtTAB1HcGcHqUR5xE="
    }
  },
  "ch.qos.logback:logback-parent:1.5.6": {
    "logback-parent-1.5.6.pom": {
      "url": "https://repo.maven.apache.org/maven2/ch/qos/logback/logback-parent/1.5.6/logback-parent-1.5.6.pom",
      "hash": "sha256-e9/LJJJGgaSRRNujSpJ7i9B5INCS6sw972H55kevTeg="
    }
  },
  "club.minnced:opus-java:1.1.1": {
    "opus-java-1.1.1.jar": {
      "url": "https://repo.maven.apache.org/maven2/club/minnced/opus-java/1.1.1/opus-java-1.1.1.jar",
      "hash": "sha256-hbk+tCGY62NhOxblul12E5eqkUAUfMhBW5lviDM0TL0="
    },
    "opus-java-1.1.1.module": {
      "url": "https://repo.maven.apache.org/maven2/club/minnced/opus-java/1.1.1/opus-java-1.1.1.module",
      "hash": "sha256-gzsPcElqcDiNXv4cnLKSjOH8phos8JugAO/gftlLoxA="
    },
    "opus-java-1.1.1.pom": {
      "url": "https://repo.maven.apache.org/maven2/club/minnced/opus-java/1.1.1/opus-java-1.1.1.pom",
      "hash": "sha256-IIiyBhlrDg7Vs57qZDExkWx9BukUhh5+yJtUSCgnyF0="
    }
  },
  "club.minnced:opus-java-api:1.1.1": {
    "opus-java-api-1.1.1.jar": {
      "url": "https://repo.maven.apache.org/maven2/club/minnced/opus-java-api/1.1.1/opus-java-api-1.1.1.jar",
      "hash": "sha256-fNgYSCcizSgJsUqu0YVvCEg4+QSTtp0bgZhox3hGbPs="
    },
    "opus-java-api-1.1.1.module": {
      "url": "https://repo.maven.apache.org/maven2/club/minnced/opus-java-api/1.1.1/opus-java-api-1.1.1.module",
      "hash": "sha256-819vJnbhg5ld81kNooNrltOnheLY5qyZeoo8uGrMe9k="
    },
    "opus-java-api-1.1.1.pom": {
      "url": "https://repo.maven.apache.org/maven2/club/minnced/opus-java-api/1.1.1/opus-java-api-1.1.1.pom",
      "hash": "sha256-KpVkr8nsaCcozMzrVeFaPcLg1tmrAJBSkh9sw+6hAwI="
    }
  },
  "club.minnced:opus-java-natives:1.1.1": {
    "opus-java-natives-1.1.1.jar": {
      "url": "https://repo.maven.apache.org/maven2/club/minnced/opus-java-natives/1.1.1/opus-java-natives-1.1.1.jar",
      "hash": "sha256-04+nYpqHBbian8JmIJIkFH8O/fv5vo5aaIWDzyF19cM="
    },
    "opus-java-natives-1.1.1.module": {
      "url": "https://repo.maven.apache.org/maven2/club/minnced/opus-java-natives/1.1.1/opus-java-natives-1.1.1.module",
      "hash": "sha256-zu24CZ0PHImigYvRo9ACPujYRh4FbretE2hB3+17pPE="
    },
    "opus-java-natives-1.1.1.pom": {
      "url": "https://repo.maven.apache.org/maven2/club/minnced/opus-java-natives/1.1.1/opus-java-natives-1.1.1.pom",
      "hash": "sha256-xPOUxkl+ZChijux4ZSHnUS3bM0TtsYY5fiJ2kUA12gw="
    }
  },
  "com.fasterxml:oss-parent:58": {
    "oss-parent-58.pom": {
      "url": "https://repo.maven.apache.org/maven2/com/fasterxml/oss-parent/58/oss-parent-58.pom",
      "hash": "sha256-VnDmrBxN3MnUE8+HmXpdou+qTSq+Q5Njr57xAqCgnkA="
    }
  },
  "com.fasterxml.jackson:jackson-base:2.17.2": {
    "jackson-base-2.17.2.pom": {
      "url": "https://repo.maven.apache.org/maven2/com/fasterxml/jackson/jackson-base/2.17.2/jackson-base-2.17.2.pom",
      "hash": "sha256-fPnFn70UyQVnRxN7kNcKleh3YN/huCRWufAjF9W1b68="
    }
  },
  "com.fasterxml.jackson:jackson-bom:2.17.2": {
    "jackson-bom-2.17.2.pom": {
      "url": "https://repo.maven.apache.org/maven2/com/fasterxml/jackson/jackson-bom/2.17.2/jackson-bom-2.17.2.pom",
      "hash": "sha256-H0crC8IATVz0IaxIhxQX+EGJ5481wElxg4f9i0T7nzI="
    }
  },
  "com.fasterxml.jackson:jackson-parent:2.17": {
    "jackson-parent-2.17.pom": {
      "url": "https://repo.maven.apache.org/maven2/com/fasterxml/jackson/jackson-parent/2.17/jackson-parent-2.17.pom",
      "hash": "sha256-rubeSpcoOwQOQ/Ta1XXnt0eWzZhNiSdvfsdWc4DIop0="
    }
  },
  "com.fasterxml.jackson.core:jackson-annotations:2.17.2": {
    "jackson-annotations-2.17.2.jar": {
      "url": "https://repo.maven.apache.org/maven2/com/fasterxml/jackson/core/jackson-annotations/2.17.2/jackson-annotations-2.17.2.jar",
      "hash": "sha256-hzpgbiNQeWn5u76pOdXhknSoh3XqWhabp+LXlapRVuE="
    },
    "jackson-annotations-2.17.2.module": {
      "url": "https://repo.maven.apache.org/maven2/com/fasterxml/jackson/core/jackson-annotations/2.17.2/jackson-annotations-2.17.2.module",
      "hash": "sha256-KMxD6Y54gYA+HoKFIeOKt67S+XejbCVR3ReQ9DDz688="
    },
    "jackson-annotations-2.17.2.pom": {
      "url": "https://repo.maven.apache.org/maven2/com/fasterxml/jackson/core/jackson-annotations/2.17.2/jackson-annotations-2.17.2.pom",
      "hash": "sha256-Q3gYTWCK3Nu7BKd4vGRmhj8HpFUqcgREZckQQD+ewLs="
    }
  },
  "com.fasterxml.jackson.core:jackson-core:2.17.2": {
    "jackson-core-2.17.2.jar": {
      "url": "https://repo.maven.apache.org/maven2/com/fasterxml/jackson/core/jackson-core/2.17.2/jackson-core-2.17.2.jar",
      "hash": "sha256-choYkkHasFJdnoWOXLYE0+zA7eCB4t531vNPpXeaW0Y="
    },
    "jackson-core-2.17.2.module": {
      "url": "https://repo.maven.apache.org/maven2/com/fasterxml/jackson/core/jackson-core/2.17.2/jackson-core-2.17.2.module",
      "hash": "sha256-OCgvt1xzPSOV3TTcC1nsy7Q6p8wxohomFrqqivy38jY="
    },
    "jackson-core-2.17.2.pom": {
      "url": "https://repo.maven.apache.org/maven2/com/fasterxml/jackson/core/jackson-core/2.17.2/jackson-core-2.17.2.pom",
      "hash": "sha256-F4IeGYjoMnB6tHGvGjBvSl7lATTyLY0nF7WNqFnrNbs="
    }
  },
  "com.fasterxml.jackson.core:jackson-databind:2.17.2": {
    "jackson-databind-2.17.2.jar": {
      "url": "https://repo.maven.apache.org/maven2/com/fasterxml/jackson/core/jackson-databind/2.17.2/jackson-databind-2.17.2.jar",
      "hash": "sha256-wEmT8zwPhFNCZTeE8U84Nz0AUoDmNZ21+AhwHPrnPAw="
    },
    "jackson-databind-2.17.2.module": {
      "url": "https://repo.maven.apache.org/maven2/com/fasterxml/jackson/core/jackson-databind/2.17.2/jackson-databind-2.17.2.module",
      "hash": "sha256-9HC96JRNV9axUMqov1O7mCqZ6x1lkecxr8uXKrPddx8="
    },
    "jackson-databind-2.17.2.pom": {
      "url": "https://repo.maven.apache.org/maven2/com/fasterxml/jackson/core/jackson-databind/2.17.2/jackson-databind-2.17.2.pom",
      "hash": "sha256-0kUGmLrpC+M48rmfrtppTNRQrbUhJCE+elO0Ehm1QGI="
    }
  },
  "com.github.johnrengelman.shadow:com.github.johnrengelman.shadow.gradle.plugin:7.1.2": {
    "com.github.johnrengelman.shadow.gradle.plugin-7.1.2.pom": {
      "url": "https://plugins.gradle.org/m2/com/github/johnrengelman/shadow/com.github.johnrengelman.shadow.gradle.plugin/7.1.2/com.github.johnrengelman.shadow.gradle.plugin-7.1.2.pom",
      "hash": "sha256-lW5FCF5S6l7zLTRnHruE6xxBqDxFSa8m5oY18QYXmNM="
    }
  },
  "com.google.code.findbugs:jsr305:3.0.2": {
    "jsr305-3.0.2.jar": {
      "url": "https://repo.maven.apache.org/maven2/com/google/code/findbugs/jsr305/3.0.2/jsr305-3.0.2.jar",
      "hash": "sha256-dmrSoHg/JoeWLIrXTO7MOKKLn3Ki0IXuQ4t4E+ko0Mc="
    },
    "jsr305-3.0.2.pom": {
      "url": "https://repo.maven.apache.org/maven2/com/google/code/findbugs/jsr305/3.0.2/jsr305-3.0.2.pom",
      "hash": "sha256-GYidvfGyVLJgGl7mRbgUepdGRIgil2hMeYr+XWPXjf4="
    }
  },
  "com.google.code.gson:gson:2.10.1": {
    "gson-2.10.1.jar": {
      "url": "https://repo.maven.apache.org/maven2/com/google/code/gson/gson/2.10.1/gson-2.10.1.jar",
      "hash": "sha256-QkHBSncnw0/uplB+yAExij1KkPBw5FJWgQefuU7kxZM="
    },
    "gson-2.10.1.pom": {
      "url": "https://repo.maven.apache.org/maven2/com/google/code/gson/gson/2.10.1/gson-2.10.1.pom",
      "hash": "sha256-0rEVY09cCF20ucn/wmWOieIx/b++IkISGhzZXU2Ujdc="
    }
  },
  "com.google.code.gson:gson-parent:2.10.1": {
    "gson-parent-2.10.1.pom": {
      "url": "https://repo.maven.apache.org/maven2/com/google/code/gson/gson-parent/2.10.1/gson-parent-2.10.1.pom",
      "hash": "sha256-QkjgiCQmxhUYI4XWCGw+8yYudplXGJ4pMGKAuFSCuDM="
    }
  },
  "com.google.crypto.tink:tink:1.14.1": {
    "tink-1.14.1.jar": {
      "url": "https://repo.maven.apache.org/maven2/com/google/crypto/tink/tink/1.14.1/tink-1.14.1.jar",
      "hash": "sha256-Bd1fgaBJH1oKtIkkP05fe4m9beC577ZQE/8+PHLn4vA="
    },
    "tink-1.14.1.pom": {
      "url": "https://repo.maven.apache.org/maven2/com/google/crypto/tink/tink/1.14.1/tink-1.14.1.pom",
      "hash": "sha256-humM7DYJH6iFP0tUphRArj6nqHTfOg9nc4nOyE6j0WE="
    }
  },
  "com.google.errorprone:error_prone_annotations:2.26.1": {
    "error_prone_annotations-2.26.1.jar": {
      "url": "https://repo.maven.apache.org/maven2/com/google/errorprone/error_prone_annotations/2.26.1/error_prone_annotations-2.26.1.jar",
      "hash": "sha256-3iXy2aIVZSm9dl9R2O/fwN+nMB4E77nMdbfxDPXQ4Ps="
    },
    "error_prone_annotations-2.26.1.pom": {
      "url": "https://repo.maven.apache.org/maven2/com/google/errorprone/error_prone_annotations/2.26.1/error_prone_annotations-2.26.1.pom",
      "hash": "sha256-rqfpkeLf3LR/X71QhYdTX3gCvLni/C1Ou1C+QbaE2p8="
    }
  },
  "com.google.errorprone:error_prone_parent:2.26.1": {
    "error_prone_parent-2.26.1.pom": {
      "url": "https://repo.maven.apache.org/maven2/com/google/errorprone/error_prone_parent/2.26.1/error_prone_parent-2.26.1.pom",
      "hash": "sha256-SmrQDTGwpa3Nmk9gUGXVtEX65KBMv4J+XRrBB34vgU0="
    }
  },
  "com.google.guava:failureaccess:1.0.2": {
    "failureaccess-1.0.2.jar": {
      "url": "https://repo.maven.apache.org/maven2/com/google/guava/failureaccess/1.0.2/failureaccess-1.0.2.jar",
      "hash": "sha256-io+Bz5s1nj9t+mkaHndphcBh7y8iPJssgHU+G0WOgGQ="
    },
    "failureaccess-1.0.2.pom": {
      "url": "https://repo.maven.apache.org/maven2/com/google/guava/failureaccess/1.0.2/failureaccess-1.0.2.pom",
      "hash": "sha256-GevG9L207bs9B7bumU+Ea1TvKVWCqbVjRxn/qfMdA7I="
    }
  },
  "com.google.guava:guava:33.2.1-jre": {
    "guava-33.2.1-jre.jar": {
      "url": "https://repo.maven.apache.org/maven2/com/google/guava/guava/33.2.1-jre/guava-33.2.1-jre.jar",
      "hash": "sha256-RSstl4e302b6jPXtmhxAQEVC0F7/p6WY2gO7u7dtnzE="
    },
    "guava-33.2.1-jre.module": {
      "url": "https://repo.maven.apache.org/maven2/com/google/guava/guava/33.2.1-jre/guava-33.2.1-jre.module",
      "hash": "sha256-0j7aahwsC9JfijNGzd7sQ7Ufdb+Bm5MeqpgybqZEdCI="
    },
    "guava-33.2.1-jre.pom": {
      "url": "https://repo.maven.apache.org/maven2/com/google/guava/guava/33.2.1-jre/guava-33.2.1-jre.pom",
      "hash": "sha256-QoF73BwMjHN9a0Ec+vSoR2nn0nHoebAW/QhQJIoG2rU="
    }
  },
  "com.google.guava:guava-parent:33.2.1-jre": {
    "guava-parent-33.2.1-jre.pom": {
      "url": "https://repo.maven.apache.org/maven2/com/google/guava/guava-parent/33.2.1-jre/guava-parent-33.2.1-jre.pom",
      "hash": "sha256-kJX22O43ZZUCB1EHhYMMwigOeBBnkV+pnP4XQNSGXBQ="
    }
  },
  "com.google.guava:guava-parent:26.0-android": {
    "guava-parent-26.0-android.pom": {
      "url": "https://repo.maven.apache.org/maven2/com/google/guava/guava-parent/26.0-android/guava-parent-26.0-android.pom",
      "hash": "sha256-+GmKtGypls6InBr8jKTyXrisawNNyJjUWDdCNgAWzAQ="
    }
  },
  "com.google.guava:listenablefuture:9999.0-empty-to-avoid-conflict-with-guava": {
    "listenablefuture-9999.0-empty-to-avoid-conflict-with-guava.jar": {
      "url": "https://repo.maven.apache.org/maven2/com/google/guava/listenablefuture/9999.0-empty-to-avoid-conflict-with-guava/listenablefuture-9999.0-empty-to-avoid-conflict-with-guava.jar",
      "hash": "sha256-s3KgN9QjCqV/vv/e8w/WEj+cDC24XQrO0AyRuXTzP5k="
    },
    "listenablefuture-9999.0-empty-to-avoid-conflict-with-guava.pom": {
      "url": "https://repo.maven.apache.org/maven2/com/google/guava/listenablefuture/9999.0-empty-to-avoid-conflict-with-guava/listenablefuture-9999.0-empty-to-avoid-conflict-with-guava.pom",
      "hash": "sha256-GNSx2yYVPU5VB5zh92ux/gXNuGLvmVSojLzE/zi4Z5s="
    }
  },
  "com.google.j2objc:j2objc-annotations:3.0.0": {
    "j2objc-annotations-3.0.0.jar": {
      "url": "https://repo.maven.apache.org/maven2/com/google/j2objc/j2objc-annotations/3.0.0/j2objc-annotations-3.0.0.jar",
      "hash": "sha256-iCQVc0Z93KRP/U10qgTCu/0Rv3wX4MNCyUyd56cKfGQ="
    },
    "j2objc-annotations-3.0.0.pom": {
      "url": "https://repo.maven.apache.org/maven2/com/google/j2objc/j2objc-annotations/3.0.0/j2objc-annotations-3.0.0.pom",
      "hash": "sha256-I7PQOeForYndEUaY5t1744P0osV3uId9gsc6ZRXnShc="
    }
  },
  "com.google.protobuf:protobuf-bom:3.25.3": {
    "protobuf-bom-3.25.3.pom": {
      "url": "https://repo.maven.apache.org/maven2/com/google/protobuf/protobuf-bom/3.25.3/protobuf-bom-3.25.3.pom",
      "hash": "sha256-tG4/Jv4PRz/zMHfuEkX4jUuNs1zHn1VM0P2Td2akXlg="
    }
  },
  "com.google.protobuf:protobuf-java:3.25.3": {
    "protobuf-java-3.25.3.jar": {
      "url": "https://repo.maven.apache.org/maven2/com/google/protobuf/protobuf-java/3.25.3/protobuf-java-3.25.3.jar",
      "hash": "sha256-6Q2N25Y7IKlypqWbUJOt4rB8vlRsqzJ5qvQ4MmA4X1g="
    },
    "protobuf-java-3.25.3.pom": {
      "url": "https://repo.maven.apache.org/maven2/com/google/protobuf/protobuf-java/3.25.3/protobuf-java-3.25.3.pom",
      "hash": "sha256-we+sGuAPC7q2VkKOGWtjaYyRTQ3SK+EgcQvv/EgctUc="
    }
  },
  "com.google.protobuf:protobuf-parent:3.25.3": {
    "protobuf-parent-3.25.3.pom": {
      "url": "https://repo.maven.apache.org/maven2/com/google/protobuf/protobuf-parent/3.25.3/protobuf-parent-3.25.3.pom",
      "hash": "sha256-vCdEYIzqOnotTNC3Thw/iBOMZM5aphudfwr9hGiCvno="
    }
  },
  "com.neovisionaries:nv-websocket-client:2.14": {
    "nv-websocket-client-2.14.jar": {
      "url": "https://repo.maven.apache.org/maven2/com/neovisionaries/nv-websocket-client/2.14/nv-websocket-client-2.14.jar",
      "hash": "sha256-7tD7b1712xfQhwOfHoKc/oJzY7KGMmUlipbw7TIzE7c="
    },
    "nv-websocket-client-2.14.pom": {
      "url": "https://repo.maven.apache.org/maven2/com/neovisionaries/nv-websocket-client/2.14/nv-websocket-client-2.14.pom",
      "hash": "sha256-VxtLgWkSEK9H00tX7Uw/LfB5fkL15KVteQNfR1lw0Ak="
    }
  },
  "com.squareup.okhttp3:okhttp:4.12.0": {
    "okhttp-4.12.0.jar": {
      "url": "https://repo.maven.apache.org/maven2/com/squareup/okhttp3/okhttp/4.12.0/okhttp-4.12.0.jar",
      "hash": "sha256-sQUAgbFLt6On5VpNPvAbXc+rxFO0VzpPwBl2cZHV9OA="
    },
    "okhttp-4.12.0.module": {
      "url": "https://repo.maven.apache.org/maven2/com/squareup/okhttp3/okhttp/4.12.0/okhttp-4.12.0.module",
      "hash": "sha256-YH4iD/ghW5Kdgpu/VPMyiU8UWbTXlZea6vy8wc6lTPM="
    },
    "okhttp-4.12.0.pom": {
      "url": "https://repo.maven.apache.org/maven2/com/squareup/okhttp3/okhttp/4.12.0/okhttp-4.12.0.pom",
      "hash": "sha256-fHNwQKlBlSLnxQzAJ0FqcP58dinlKyGZNa3mtBGcfTg="
    }
  },
  "com.squareup.okio:okio:3.6.0": {
    "okio-3.6.0.module": {
      "url": "https://repo.maven.apache.org/maven2/com/squareup/okio/okio/3.6.0/okio-3.6.0.module",
      "hash": "sha256-akesUDZOZZhFlAH7hvm2z832N7mzowRbHMM8v0xAghg="
    },
    "okio-3.6.0.pom": {
      "url": "https://repo.maven.apache.org/maven2/com/squareup/okio/okio/3.6.0/okio-3.6.0.pom",
      "hash": "sha256-rrO3CiTBA+0MVFQfNfXFEdJ85gyuN2pZbX1lNpf4zJU="
    }
  },
  "com.squareup.okio:okio-jvm:3.6.0": {
    "okio-jvm-3.6.0.jar": {
      "url": "https://repo.maven.apache.org/maven2/com/squareup/okio/okio-jvm/3.6.0/okio-jvm-3.6.0.jar",
      "hash": "sha256-Z1Q/Bzb8QirpJ+0OUEuYvF4mn9oNNQBXkzfLcT2ihBI="
    },
    "okio-jvm-3.6.0.module": {
      "url": "https://repo.maven.apache.org/maven2/com/squareup/okio/okio-jvm/3.6.0/okio-jvm-3.6.0.module",
      "hash": "sha256-scIZnhwMyWnvYcu+SvLsr5sGQRvd4By69vyRNN/gToo="
    },
    "okio-jvm-3.6.0.pom": {
      "url": "https://repo.maven.apache.org/maven2/com/squareup/okio/okio-jvm/3.6.0/okio-jvm-3.6.0.pom",
      "hash": "sha256-YbTXxRWgiU/62SX9cFJiDBQlqGQz/TURO1+rDeiQpX8="
    }
  },
  "commons-io:commons-io:2.11.0": {
    "commons-io-2.11.0.jar": {
      "url": "https://plugins.gradle.org/m2/commons-io/commons-io/2.11.0/commons-io-2.11.0.jar",
      "hash": "sha256-lhsvbYfbrMXVSr9Fq3puJJX4m3VZiWLYxyPOqbwhCQg="
    },
    "commons-io-2.11.0.pom": {
      "url": "https://plugins.gradle.org/m2/commons-io/commons-io/2.11.0/commons-io-2.11.0.pom",
      "hash": "sha256-LgFv1+MkS18sIKytg02TqkeQSG7h5FZGQTYaPoMe71k="
    }
  },
  "gradle.plugin.com.github.johnrengelman:shadow:7.1.2": {
    "shadow-7.1.2.jar": {
      "url": "https://plugins.gradle.org/m2/gradle/plugin/com/github/johnrengelman/shadow/7.1.2/shadow-7.1.2.jar",
      "hash": "sha256-v3BcwupcAYCqhwoPqAs5vxOhTScSjh6zpLZ0vjT1jpA="
    },
    "shadow-7.1.2.pom": {
      "url": "https://plugins.gradle.org/m2/gradle/plugin/com/github/johnrengelman/shadow/7.1.2/shadow-7.1.2.pom",
      "hash": "sha256-H6qwvkF9ezxBqXzKCsqKWwtkBvw7Etfyjiw0Ex3/k0o="
    }
  },
  "io.github.JDA-Fork:JDA:ef41a9445d": {
    "JDA-ef41a9445d.jar": {
      "url": "https://jitpack.io/io/github/JDA-Fork/JDA/ef41a9445d/JDA-ef41a9445d.jar",
      "hash": "sha256-UyvAUYCyl1jfqQwcex9Ny2La8fV3m8H/34O9M3ETcDo="
    },
    "JDA-ef41a9445d.module": {
      "url": "https://jitpack.io/io/github/JDA-Fork/JDA/ef41a9445d/JDA-ef41a9445d.module",
      "hash": "sha256-vHjXQmvF1yMcJFdLxIxJLjtQ0tUpBldalrapAZX6MS0="
    },
    "JDA-ef41a9445d.pom": {
      "url": "https://jitpack.io/io/github/JDA-Fork/JDA/ef41a9445d/JDA-ef41a9445d.pom",
      "hash": "sha256-kfgX8SdywMJ1gfyX7v6McvEAh963sGSVxn/Q2W1spNo="
    }
  },
  "junit:junit:4.13.2": {
    "junit-4.13.2.jar": {
      "url": "https://repo.maven.apache.org/maven2/junit/junit/4.13.2/junit-4.13.2.jar",
      "hash": "sha256-jklbY0Rp1k+4rPo0laBly6zIoP/1XOHjEAe+TBbcV9M="
    },
    "junit-4.13.2.pom": {
      "url": "https://repo.maven.apache.org/maven2/junit/junit/4.13.2/junit-4.13.2.pom",
      "hash": "sha256-Vptpd+5GA8llwcRsMFj6bpaSkbAWDraWTdCSzYnq3ZQ="
    }
  },
  "net.java.dev.jna:jna:4.4.0": {
    "jna-4.4.0.jar": {
      "url": "https://repo.maven.apache.org/maven2/net/java/dev/jna/jna/4.4.0/jna-4.4.0.jar",
      "hash": "sha256-xNre7sqpDIhHkCCCruXrEH/PWcXQ5joX/K8nPA4tK9E="
    },
    "jna-4.4.0.pom": {
      "url": "https://repo.maven.apache.org/maven2/net/java/dev/jna/jna/4.4.0/jna-4.4.0.pom",
      "hash": "sha256-gAuygx3aNBM26mm3vrZ18VmXP2Ta1qqhrYxPp45csZs="
    }
  },
  "net.sf.trove4j:core:3.1.0": {
    "core-3.1.0.jar": {
      "url": "https://repo.maven.apache.org/maven2/net/sf/trove4j/core/3.1.0/core-3.1.0.jar",
      "hash": "sha256-4f7U1xiobSfF67QngQVQ+lwDJg41DkGoXvLC226sCFY="
    },
    "core-3.1.0.pom": {
      "url": "https://repo.maven.apache.org/maven2/net/sf/trove4j/core/3.1.0/core-3.1.0.pom",
      "hash": "sha256-AOb+nofKCDDaezfNWnVLH/JGD0oG2SvSCqaK1kuULPs="
    }
  },
  "org.apache:apache:23": {
    "apache-23.pom": {
      "url": "https://plugins.gradle.org/m2/org/apache/apache/23/apache-23.pom",
      "hash": "sha256-vBBiTgYj82V3+sVjnKKTbTJA7RUvttjVM6tNJwVDSRw="
    }
  },
  "org.apache:apache:21": {
    "apache-21.pom": {
      "url": "https://repo.maven.apache.org/maven2/org/apache/apache/21/apache-21.pom",
      "hash": "sha256-rxDBCNoBTxfK+se1KytLWjocGCZfoq+XoyXZFDU3s4A="
    }
  },
  "org.apache.ant:ant:1.10.11": {
    "ant-1.10.11.jar": {
      "url": "https://plugins.gradle.org/m2/org/apache/ant/ant/1.10.11/ant-1.10.11.jar",
      "hash": "sha256-iMC4m7uq4B4Nn8rpO+eS9au+NAkQb47uhY/fNl28B1Q="
    },
    "ant-1.10.11.pom": {
      "url": "https://plugins.gradle.org/m2/org/apache/ant/ant/1.10.11/ant-1.10.11.pom",
      "hash": "sha256-wiiU2ctGq/XOv27rK8z+TXjhju6jEaDqat3VnftLH+M="
    }
  },
  "org.apache.ant:ant-launcher:1.10.11": {
    "ant-launcher-1.10.11.jar": {
      "url": "https://plugins.gradle.org/m2/org/apache/ant/ant-launcher/1.10.11/ant-launcher-1.10.11.jar",
      "hash": "sha256-2rUw33qYC1rI/X6NIIJDrg0+vW3gmxqiznVjYMwu0lY="
    },
    "ant-launcher-1.10.11.pom": {
      "url": "https://plugins.gradle.org/m2/org/apache/ant/ant-launcher/1.10.11/ant-launcher-1.10.11.pom",
      "hash": "sha256-7SoGiCYb624I7FSzgxLx1ILM8aO4Y8R9KNW5CkRtHB4="
    }
  },
  "org.apache.ant:ant-parent:1.10.11": {
    "ant-parent-1.10.11.pom": {
      "url": "https://plugins.gradle.org/m2/org/apache/ant/ant-parent/1.10.11/ant-parent-1.10.11.pom",
      "hash": "sha256-V6BTJoLzD6MHQWoiWSnVcQrNpy17Je4IyvmNyCzTXbY="
    }
  },
  "org.apache.commons:commons-collections4:4.4": {
    "commons-collections4-4.4.jar": {
      "url": "https://repo.maven.apache.org/maven2/org/apache/commons/commons-collections4/4.4/commons-collections4-4.4.jar",
      "hash": "sha256-Hfi5QwtcjtFD14FeQD4z71NxskAKrb6b2giDdi4IRtE="
    },
    "commons-collections4-4.4.pom": {
      "url": "https://repo.maven.apache.org/maven2/org/apache/commons/commons-collections4/4.4/commons-collections4-4.4.pom",
      "hash": "sha256-JxvWc4Oa9G5zr/lX4pGNS/lvWsT2xs9NW+k/0fEnHE0="
    }
  },
  "org.apache.commons:commons-parent:52": {
    "commons-parent-52.pom": {
      "url": "https://plugins.gradle.org/m2/org/apache/commons/commons-parent/52/commons-parent-52.pom",
      "hash": "sha256-ddvo806Y5MP/QtquSi+etMvNO18QR9VEYKzpBtu0UC4="
    }
  },
  "org.apache.commons:commons-parent:48": {
    "commons-parent-48.pom": {
      "url": "https://repo.maven.apache.org/maven2/org/apache/commons/commons-parent/48/commons-parent-48.pom",
      "hash": "sha256-Hh996TcKe3kB8Sjx2s0UIr504/R/lViw954EwGN8oLQ="
    }
  },
  "org.apache.logging:logging-parent:3": {
    "logging-parent-3.pom": {
      "url": "https://plugins.gradle.org/m2/org/apache/logging/logging-parent/3/logging-parent-3.pom",
      "hash": "sha256-djouwrgJTUFh3rbCZLEmIIW5vjC/OjHCzhNyQuV3Iqc="
    }
  },
  "org.apache.logging.log4j:log4j:2.17.1": {
    "log4j-2.17.1.pom": {
      "url": "https://plugins.gradle.org/m2/org/apache/logging/log4j/log4j/2.17.1/log4j-2.17.1.pom",
      "hash": "sha256-lnq8AkRDqcsJaTVVmvXprW8P9hN1+Esn1EDS+nCAawk="
    }
  },
  "org.apache.logging.log4j:log4j-api:2.17.1": {
    "log4j-api-2.17.1.jar": {
      "url": "https://plugins.gradle.org/m2/org/apache/logging/log4j/log4j-api/2.17.1/log4j-api-2.17.1.jar",
      "hash": "sha256-sNikyKtPuLGIjQCVgicDsObUeTxBlVAgPanmkZYWHeQ="
    },
    "log4j-api-2.17.1.pom": {
      "url": "https://plugins.gradle.org/m2/org/apache/logging/log4j/log4j-api/2.17.1/log4j-api-2.17.1.pom",
      "hash": "sha256-HirO8yILKb4QrgmXKLFYsY2UP5Ghk8xFAbtC+SnB6Io="
    }
  },
  "org.apache.logging.log4j:log4j-core:2.17.1": {
    "log4j-core-2.17.1.jar": {
      "url": "https://plugins.gradle.org/m2/org/apache/logging/log4j/log4j-core/2.17.1/log4j-core-2.17.1.jar",
      "hash": "sha256-yWfyI0h5gLk2TpSnx/mooB/T7nwZvb8LD5+MuFEfPUE="
    },
    "log4j-core-2.17.1.pom": {
      "url": "https://plugins.gradle.org/m2/org/apache/logging/log4j/log4j-core/2.17.1/log4j-core-2.17.1.pom",
      "hash": "sha256-C7s79tTSKhv6PDwJJ8KUEK8UoPsm47Ark3JvXH6Yqv0="
    }
  },
  "org.checkerframework:checker-qual:3.42.0": {
    "checker-qual-3.42.0.jar": {
      "url": "https://repo.maven.apache.org/maven2/org/checkerframework/checker-qual/3.42.0/checker-qual-3.42.0.jar",
      "hash": "sha256-zK7dM68LeJTZ8vO2RPTRnkOSjjKQLmGsTRB3eDD1qsc="
    },
    "checker-qual-3.42.0.module": {
      "url": "https://repo.maven.apache.org/maven2/org/checkerframework/checker-qual/3.42.0/checker-qual-3.42.0.module",
      "hash": "sha256-4PpiK33mPq4RBH726RtMKtDx8OE8uQP/UggKR/V6V0Y="
    },
    "checker-qual-3.42.0.pom": {
      "url": "https://repo.maven.apache.org/maven2/org/checkerframework/checker-qual/3.42.0/checker-qual-3.42.0.pom",
      "hash": "sha256-v1/KqycvVMvPG753w72WPIIcmrrSBYcIvwvtPIdUlMo="
    }
  },
  "org.codehaus.plexus:plexus:8": {
    "plexus-8.pom": {
      "url": "https://plugins.gradle.org/m2/org/codehaus/plexus/plexus/8/plexus-8.pom",
      "hash": "sha256-/6NJ2wTnq/ZYhb3FogYvQZfA/50/H04qpXILdyM/dCw="
    }
  },
  "org.codehaus.plexus:plexus-utils:3.4.1": {
    "plexus-utils-3.4.1.jar": {
      "url": "https://plugins.gradle.org/m2/org/codehaus/plexus/plexus-utils/3.4.1/plexus-utils-3.4.1.jar",
      "hash": "sha256-UtheBLORhyKvEdEoVbSoJX35ag52yPTjhS5vqoUfNXs="
    },
    "plexus-utils-3.4.1.pom": {
      "url": "https://plugins.gradle.org/m2/org/codehaus/plexus/plexus-utils/3.4.1/plexus-utils-3.4.1.pom",
      "hash": "sha256-sUTP+bHGJZ/sT+5b38DzYNacI6vU6m5URTOpSbaeNYI="
    }
  },
  "org.gradle.toolchains:foojay-resolver:0.8.0": {
    "foojay-resolver-0.8.0.jar": {
      "url": "https://plugins.gradle.org/m2/org/gradle/toolchains/foojay-resolver/0.8.0/foojay-resolver-0.8.0.jar",
      "hash": "sha256-+Q5pNRY46QueyYSOdZ0hhjWQfAklQRkRUAN7CyLlFAw="
    },
    "foojay-resolver-0.8.0.module": {
      "url": "https://plugins.gradle.org/m2/org/gradle/toolchains/foojay-resolver/0.8.0/foojay-resolver-0.8.0.module",
      "hash": "sha256-jDzPVNoHLGSkDgaIKqplIzbLKe7C6iMPBtaEOrs4TVE="
    },
    "foojay-resolver-0.8.0.pom": {
      "url": "https://plugins.gradle.org/m2/org/gradle/toolchains/foojay-resolver/0.8.0/foojay-resolver-0.8.0.pom",
      "hash": "sha256-pxZyrK0MCu4576V1P1yU+aSjWh2sBl4ii8rDQt6nxUg="
    }
  },
  "org.gradle.toolchains.foojay-resolver-convention:org.gradle.toolchains.foojay-resolver-convention.gradle.plugin:0.8.0": {
    "org.gradle.toolchains.foojay-resolver-convention.gradle.plugin-0.8.0.pom": {
      "url": "https://plugins.gradle.org/m2/org/gradle/toolchains/foojay-resolver-convention/org.gradle.toolchains.foojay-resolver-convention.gradle.plugin/0.8.0/org.gradle.toolchains.foojay-resolver-convention.gradle.plugin-0.8.0.pom",
      "hash": "sha256-O2ciN72cwejoyobvWnkgpnj2nQTS9L+9DFouedRcXLU="
    }
  },
  "org.hamcrest:hamcrest-core:1.3": {
    "hamcrest-core-1.3.jar": {
      "url": "https://repo.maven.apache.org/maven2/org/hamcrest/hamcrest-core/1.3/hamcrest-core-1.3.jar",
      "hash": "sha256-Zv3vkelzk0jfeglqo4SlaF9Oh1WEzOiThqekclHE2Ok="
    },
    "hamcrest-core-1.3.pom": {
      "url": "https://repo.maven.apache.org/maven2/org/hamcrest/hamcrest-core/1.3/hamcrest-core-1.3.pom",
      "hash": "sha256-/eOGp5BRc6GxA95quCBydYS1DQ4yKC4nl3h8IKZP+pM="
    }
  },
  "org.hamcrest:hamcrest-parent:1.3": {
    "hamcrest-parent-1.3.pom": {
      "url": "https://repo.maven.apache.org/maven2/org/hamcrest/hamcrest-parent/1.3/hamcrest-parent-1.3.pom",
      "hash": "sha256-bVNflO+2Y722gsnyelAzU5RogAlkK6epZ3UEvBvkEps="
    }
  },
  "org.jdom:jdom2:2.0.6": {
    "jdom2-2.0.6.jar": {
      "url": "https://plugins.gradle.org/m2/org/jdom/jdom2/2.0.6/jdom2-2.0.6.jar",
      "hash": "sha256-E0XxG6YG0VYD1nQFUajCGUfAIVZAdw7GcnH+eL6pfPU="
    },
    "jdom2-2.0.6.pom": {
      "url": "https://plugins.gradle.org/m2/org/jdom/jdom2/2.0.6/jdom2-2.0.6.pom",
      "hash": "sha256-R7I6ef4za3QbgkNMbgSdaBZSVuQF51wQkh/XL6imXY0="
    }
  },
  "org.jetbrains:annotations:13.0": {
    "annotations-13.0.jar": {
      "url": "https://repo.maven.apache.org/maven2/org/jetbrains/annotations/13.0/annotations-13.0.jar",
      "hash": "sha256-rOKhDcji1f00kl7KwD5JiLLA+FFlDJS4zvSbob0RFHg="
    },
    "annotations-13.0.pom": {
      "url": "https://repo.maven.apache.org/maven2/org/jetbrains/annotations/13.0/annotations-13.0.pom",
      "hash": "sha256-llrrK+3/NpgZvd4b96CzuJuCR91pyIuGN112Fju4w5c="
    }
  },
  "org.jetbrains.kotlin:kotlin-stdlib:1.9.10": {
    "kotlin-stdlib-1.9.10.jar": {
      "url": "https://repo.maven.apache.org/maven2/org/jetbrains/kotlin/kotlin-stdlib/1.9.10/kotlin-stdlib-1.9.10.jar",
      "hash": "sha256-VemJxRK4CQd5n4VDCfO8d4LFs9E5MkQtA3nVxHJxFQQ="
    },
    "kotlin-stdlib-1.9.10.pom": {
      "url": "https://repo.maven.apache.org/maven2/org/jetbrains/kotlin/kotlin-stdlib/1.9.10/kotlin-stdlib-1.9.10.pom",
      "hash": "sha256-fin79z/fceBnnT3ufmgP1XNGT6AWRKT1irgZ0sCI09I="
    }
  },
  "org.jetbrains.kotlin:kotlin-stdlib:1.8.21": {
    "kotlin-stdlib-1.8.21.pom": {
      "url": "https://repo.maven.apache.org/maven2/org/jetbrains/kotlin/kotlin-stdlib/1.8.21/kotlin-stdlib-1.8.21.pom",
      "hash": "sha256-/gzZ4yGT5FMzP9Kx9XfmYvtavGkHECu5Z4F7wTEoD9c="
    }
  },
  "org.jetbrains.kotlin:kotlin-stdlib-common:1.9.10": {
    "kotlin-stdlib-common-1.9.10.jar": {
      "url": "https://repo.maven.apache.org/maven2/org/jetbrains/kotlin/kotlin-stdlib-common/1.9.10/kotlin-stdlib-common-1.9.10.jar",
      "hash": "sha256-zeM0G6GKK6JisLfPbFWyDJDo1DTkLJoT5qP3cNuWWog="
    },
    "kotlin-stdlib-common-1.9.10.pom": {
      "url": "https://repo.maven.apache.org/maven2/org/jetbrains/kotlin/kotlin-stdlib-common/1.9.10/kotlin-stdlib-common-1.9.10.pom",
      "hash": "sha256-fUtwVHkQZ2s738iSWojztr+yRYLJeEVCgFVEzu9JCpI="
    }
  },
  "org.jetbrains.kotlin:kotlin-stdlib-jdk7:1.9.10": {
    "kotlin-stdlib-jdk7-1.9.10.jar": {
      "url": "https://repo.maven.apache.org/maven2/org/jetbrains/kotlin/kotlin-stdlib-jdk7/1.9.10/kotlin-stdlib-jdk7-1.9.10.jar",
      "hash": "sha256-rGNhv5rR7TgsIQPZcSxHzewWYjK0kD7VluiHawaBybc="
    },
    "kotlin-stdlib-jdk7-1.9.10.pom": {
      "url": "https://repo.maven.apache.org/maven2/org/jetbrains/kotlin/kotlin-stdlib-jdk7/1.9.10/kotlin-stdlib-jdk7-1.9.10.pom",
      "hash": "sha256-x/pnx5YTILidhaPKWaLhjCxlhQhFWV3K5LRq9pRe3NU="
    }
  },
  "org.jetbrains.kotlin:kotlin-stdlib-jdk7:1.8.21": {
    "kotlin-stdlib-jdk7-1.8.21.pom": {
      "url": "https://repo.maven.apache.org/maven2/org/jetbrains/kotlin/kotlin-stdlib-jdk7/1.8.21/kotlin-stdlib-jdk7-1.8.21.pom",
      "hash": "sha256-m7EH1dXjkwvFl38AekPNILfSTZGxweUo6m7g8kjxTTY="
    }
  },
  "org.jetbrains.kotlin:kotlin-stdlib-jdk8:1.9.10": {
    "kotlin-stdlib-jdk8-1.9.10.jar": {
      "url": "https://repo.maven.apache.org/maven2/org/jetbrains/kotlin/kotlin-stdlib-jdk8/1.9.10/kotlin-stdlib-jdk8-1.9.10.jar",
      "hash": "sha256-pMdNlNZM4avlN2D+A4ndlB9vxVjQ2rNeR8CFoR7IDyg="
    },
    "kotlin-stdlib-jdk8-1.9.10.pom": {
      "url": "https://repo.maven.apache.org/maven2/org/jetbrains/kotlin/kotlin-stdlib-jdk8/1.9.10/kotlin-stdlib-jdk8-1.9.10.pom",
      "hash": "sha256-X0uU3TBlp3ZMN/oV3irW2B9A1Z+Msz8X0YHGOE+3py4="
    }
  },
  "org.jetbrains.kotlin:kotlin-stdlib-jdk8:1.8.21": {
    "kotlin-stdlib-jdk8-1.8.21.pom": {
      "url": "https://repo.maven.apache.org/maven2/org/jetbrains/kotlin/kotlin-stdlib-jdk8/1.8.21/kotlin-stdlib-jdk8-1.8.21.pom",
      "hash": "sha256-ODnXKNfDCaXDaLAnC0S08ceHj/XKXTKpogT6o0kUWdg="
    }
  },
  "org.json:json:20090211": {
    "json-20090211.jar": {
      "url": "https://repo.maven.apache.org/maven2/org/json/json/20090211/json-20090211.jar",
      "hash": "sha256-BVvhEKVw+c2j66jXCgBv9Gx3oEi8Z4aFJIeSEcSLMwo="
    },
    "json-20090211.pom": {
      "url": "https://repo.maven.apache.org/maven2/org/json/json/20090211/json-20090211.pom",
      "hash": "sha256-AP/yS5aN1UEd4WrkGLuMJfD3ITsK3ScaxHsLoqiedAA="
    }
  },
  "org.junit:junit-bom:5.10.2": {
    "junit-bom-5.10.2.module": {
      "url": "https://repo.maven.apache.org/maven2/org/junit/junit-bom/5.10.2/junit-bom-5.10.2.module",
      "hash": "sha256-3iOxFLPkEZqP5usXvtWjhSgWaYus5nBxV51tkn67CAo="
    },
    "junit-bom-5.10.2.pom": {
      "url": "https://repo.maven.apache.org/maven2/org/junit/junit-bom/5.10.2/junit-bom-5.10.2.pom",
      "hash": "sha256-Fp3ZBKSw9lIM/+ZYzGIpK/6fPBSpifqSEgckzeQ6mWg="
    }
  },
  "org.junit:junit-bom:5.7.2": {
    "junit-bom-5.7.2.module": {
      "url": "https://plugins.gradle.org/m2/org/junit/junit-bom/5.7.2/junit-bom-5.7.2.module",
      "hash": "sha256-87zrHFndT2mT9DBN/6WAFyuN9lp2zTb6T9ksBXjSitg="
    },
    "junit-bom-5.7.2.pom": {
      "url": "https://plugins.gradle.org/m2/org/junit/junit-bom/5.7.2/junit-bom-5.7.2.pom",
      "hash": "sha256-zRSqqGmZH4ICHFhdVw0x/zQry6WLtEIztwGTdxuWSHs="
    }
  },
  "org.ow2:ow2:1.5": {
    "ow2-1.5.pom": {
      "url": "https://plugins.gradle.org/m2/org/ow2/ow2/1.5/ow2-1.5.pom",
      "hash": "sha256-D4obEW52C4/mOJxRuE5LB6cPwRCC1Pk25FO1g91QtDs="
    }
  },
  "org.ow2.asm:asm:9.2": {
    "asm-9.2.jar": {
      "url": "https://plugins.gradle.org/m2/org/ow2/asm/asm/9.2/asm-9.2.jar",
      "hash": "sha256-udT+TXGTjfOIOfDspCqqpkz4sxPWeNoDbwyzyhmbR/U="
    },
    "asm-9.2.pom": {
      "url": "https://plugins.gradle.org/m2/org/ow2/asm/asm/9.2/asm-9.2.pom",
      "hash": "sha256-37EqGyJL8Bvh/WBAIEZviUJBvLZF3M45Xt2M1vilDfQ="
    }
  },
  "org.ow2.asm:asm-analysis:9.2": {
    "asm-analysis-9.2.jar": {
      "url": "https://plugins.gradle.org/m2/org/ow2/asm/asm-analysis/9.2/asm-analysis-9.2.jar",
      "hash": "sha256-h4++UhcxwHLRTS1luYOxvq5q0G/aAAe2qLroH3P0M8Q="
    },
    "asm-analysis-9.2.pom": {
      "url": "https://plugins.gradle.org/m2/org/ow2/asm/asm-analysis/9.2/asm-analysis-9.2.pom",
      "hash": "sha256-dzzBor/BTGxKl5xRoHXAI0oL9pT8Or5PrPRU83oUXxs="
    }
  },
  "org.ow2.asm:asm-commons:9.2": {
    "asm-commons-9.2.jar": {
      "url": "https://plugins.gradle.org/m2/org/ow2/asm/asm-commons/9.2/asm-commons-9.2.jar",
      "hash": "sha256-vkzlMTiiOLtSLNeBz5Hzulzi9sqT7GLUahYqEnIl4KY="
    },
    "asm-commons-9.2.pom": {
      "url": "https://plugins.gradle.org/m2/org/ow2/asm/asm-commons/9.2/asm-commons-9.2.pom",
      "hash": "sha256-AoJOg58qLw5ylZ/dMLSJckDwWvxD3kLXugsYQ3YBwHA="
    }
  },
  "org.ow2.asm:asm-tree:9.2": {
    "asm-tree-9.2.jar": {
      "url": "https://plugins.gradle.org/m2/org/ow2/asm/asm-tree/9.2/asm-tree-9.2.jar",
      "hash": "sha256-qr+b0jCRpOv8EJwfPufPPkuJ9rotP1HFJD8Ws8/64BE="
    },
    "asm-tree-9.2.pom": {
      "url": "https://plugins.gradle.org/m2/org/ow2/asm/asm-tree/9.2/asm-tree-9.2.pom",
      "hash": "sha256-9h8+vqVSDd8Z9FKwPEJscjG92KgdesKHZctScSJaw3g="
    }
  },
  "org.slf4j:slf4j-api:2.0.13": {
    "slf4j-api-2.0.13.jar": {
      "url": "https://repo.maven.apache.org/maven2/org/slf4j/slf4j-api/2.0.13/slf4j-api-2.0.13.jar",
      "hash": "sha256-58KkjoUVuh9J+mN9V7Ti9ZCz9b2XQHrGmcOqXvsSBKk="
    },
    "slf4j-api-2.0.13.pom": {
      "url": "https://repo.maven.apache.org/maven2/org/slf4j/slf4j-api/2.0.13/slf4j-api-2.0.13.pom",
      "hash": "sha256-UYBc/agMoqyCBBuQbZhl056YI+NYoO62I3nf7UdcFXE="
    }
  },
  "org.slf4j:slf4j-bom:2.0.13": {
    "slf4j-bom-2.0.13.pom": {
      "url": "https://repo.maven.apache.org/maven2/org/slf4j/slf4j-bom/2.0.13/slf4j-bom-2.0.13.pom",
      "hash": "sha256-evJy16c44rmHY3kf/diWBA6L6ymKiP1gYhRAeXbNMQo="
    }
  },
  "org.slf4j:slf4j-parent:2.0.13": {
    "slf4j-parent-2.0.13.pom": {
      "url": "https://repo.maven.apache.org/maven2/org/slf4j/slf4j-parent/2.0.13/slf4j-parent-2.0.13.pom",
      "hash": "sha256-Z/rP1R8Gk1zqhWFaBHddcNgL/QOtDzdnA1H5IO0LtYo="
    }
  },
  "org.sonatype.oss:oss-parent:9": {
    "oss-parent-9.pom": {
      "url": "https://repo.maven.apache.org/maven2/org/sonatype/oss/oss-parent/9/oss-parent-9.pom",
      "hash": "sha256-+0AmX5glSCEv+C42LllzKyGH7G8NgBgohcFO8fmCgno="
    }
  },
  "org.sonatype.oss:oss-parent:7": {
    "oss-parent-7.pom": {
      "url": "https://repo.maven.apache.org/maven2/org/sonatype/oss/oss-parent/7/oss-parent-7.pom",
      "hash": "sha256-tR+IZ8kranIkmVV/w6H96ne9+e9XRyL+kM5DailVlFQ="
    }
  },
  "org.vafer:jdependency:2.7.0": {
    "jdependency-2.7.0.jar": {
      "url": "https://plugins.gradle.org/m2/org/vafer/jdependency/2.7.0/jdependency-2.7.0.jar",
      "hash": "sha256-1j79V0b/QIlDp91++Frp8Jqn+2O7KxaRFCfObEW1n9A="
    },
    "jdependency-2.7.0.pom": {
      "url": "https://plugins.gradle.org/m2/org/vafer/jdependency/2.7.0/jdependency-2.7.0.pom",
      "hash": "sha256-6yRCKwo+nofVrG6oCHeG+1HEsbvg0iXvdSFSxzaiBNA="
    }
  }
}